
Microsoft Visual Studio Solution File, Format Version 12.00
# Visual Studio Version 16
VisualStudioVersion = 16.0.29209.62
MinimumVisualStudioVersion = 10.0.40219.1
Project("{9A19103F-16F7-4668-BE54-9A1E7A4F7556}") = "codeforces", "codeforces.csproj", "{B1752FD0-493D-4302-A22B-E6E47A5A281B}"
EndProject
Global
	GlobalSection(SolutionConfigurationPlatforms) = preSolution
		Debug|Any CPU = Debug|Any CPU
		Release|Any CPU = Release|Any CPU
	EndGlobalSection
	GlobalSection(ProjectConfigurationPlatforms) = postSolution
		{B1752FD0-493D-4302-A22B-E6E47A5A281B}.Debug|Any CPU.ActiveCfg = Debug|Any CPU
		{B1752FD0-493D-4302-A22B-E6E47A5A281B}.Debug|Any CPU.Build.0 = Debug|Any CPU
		{B1752FD0-493D-4302-A22B-E6E47A5A281B}.Release|Any CPU.ActiveCfg = Release|Any CPU
		{B1752FD0-493D-4302-A22B-E6E47A5A281B}.Release|Any CPU.Build.0 = Release|Any CPU
	EndGlobalSection
	GlobalSection(SolutionProperties) = preSolution
		HideSolutionNode = FALSE
	EndGlobalSection
	GlobalSection(ExtensibilityGlobals) = postSolution
		SolutionGuid = {8842045A-0161-4713-9BCE-1040C6DF66B8}
	EndGlobalSection
EndGlobal
